
Microsoft Visual Studio Solution File, Format Version 11.00
# Visual Studio 2010
Project("{FAE04EC0-301F-11D3-BF4B-00C04F79EFBC}") = "Server", "Server\Server.csproj", "{7368E9DA-0CDC-4E60-88E6-C0DA164F14EB}"
EndProject
Project("{FAE04EC0-301F-11D3-BF4B-00C04F79EFBC}") = "Core", "Core\Core.csproj", "{0F397789-1719-47E8-B83E-45B721981B73}"
EndProject
Project("{FAE04EC0-301F-11D3-BF4B-00C04F79EFBC}") = "IO", "IO\IO.csproj", "{6D9BB0A3-AFC1-402B-A596-E2FA03C6C4B5}"
EndProject
Project("{FAE04EC0-301F-11D3-BF4B-00C04F79EFBC}") = "Exceptions", "Exceptions\Exceptions.csproj", "{7F001974-C37D-46F0-A2B3-73C9B79C4DC1}"
EndProject
Project("{FAE04EC0-301F-11D3-BF4B-00C04F79EFBC}") = "Security", "Security\Security.csproj", "{55600CBF-BD1F-4319-99C6-98A3B3E19073}"
EndProject
Project("{FAE04EC0-301F-11D3-BF4B-00C04F79EFBC}") = "Emoticons", "Emoticons\Emoticons.csproj", "{72F43913-AA6D-41F1-AEEF-C9E6DD914A65}"
EndProject
Project("{FAE04EC0-301F-11D3-BF4B-00C04F79EFBC}") = "Missions", "Missions\Missions.csproj", "{EEAD38A1-5185-4457-93D2-72DAD4B19C50}"
EndProject
Project("{FAE04EC0-301F-11D3-BF4B-00C04F79EFBC}") = "Scripting", "Scripting\Scripting.csproj", "{D40E045A-02AB-4065-99A7-5F5EF85031D2}"
EndProject
Project("{FAE04EC0-301F-11D3-BF4B-00C04F79EFBC}") = "RDungeons", "RDungeons\RDungeons.csproj", "{B27512C4-9D86-4E3B-ADC0-E00A43193C22}"
EndProject
Project("{FAE04EC0-301F-11D3-BF4B-00C04F79EFBC}") = "Tests", "Tests\Tests.csproj", "{E02C8006-6A38-4891-9F3C-E4ACD909151D}"
EndProject
Project("{FAE04EC0-301F-11D3-BF4B-00C04F79EFBC}") = "Script", "Script\Script.csproj", "{0E3F328A-88DD-46B0-8B3B-99878EFE0BEC}"
EndProject
Global
	GlobalSection(SolutionConfigurationPlatforms) = preSolution
		Debug|Any CPU = Debug|Any CPU
		Debug|Mixed Platforms = Debug|Mixed Platforms
		Debug|x86 = Debug|x86
		Release|Any CPU = Release|Any CPU
		Release|Mixed Platforms = Release|Mixed Platforms
		Release|x86 = Release|x86
	EndGlobalSection
	GlobalSection(ProjectConfigurationPlatforms) = postSolution
		{7368E9DA-0CDC-4E60-88E6-C0DA164F14EB}.Debug|Any CPU.ActiveCfg = Debug|Any CPU
		{7368E9DA-0CDC-4E60-88E6-C0DA164F14EB}.Debug|Any CPU.Build.0 = Debug|Any CPU
		{7368E9DA-0CDC-4E60-88E6-C0DA164F14EB}.Debug|Mixed Platforms.ActiveCfg = Debug|x86
		{7368E9DA-0CDC-4E60-88E6-C0DA164F14EB}.Debug|Mixed Platforms.Build.0 = Debug|x86
		{7368E9DA-0CDC-4E60-88E6-C0DA164F14EB}.Debug|x86.ActiveCfg = Debug|x86
		{7368E9DA-0CDC-4E60-88E6-C0DA164F14EB}.Debug|x86.Build.0 = Debug|x86
		{7368E9DA-0CDC-4E60-88E6-C0DA164F14EB}.Release|Any CPU.ActiveCfg = Release|Any CPU
		{7368E9DA-0CDC-4E60-88E6-C0DA164F14EB}.Release|Any CPU.Build.0 = Release|Any CPU
		{7368E9DA-0CDC-4E60-88E6-C0DA164F14EB}.Release|Mixed Platforms.ActiveCfg = Release|x86
		{7368E9DA-0CDC-4E60-88E6-C0DA164F14EB}.Release|Mixed Platforms.Build.0 = Release|x86
		{7368E9DA-0CDC-4E60-88E6-C0DA164F14EB}.Release|x86.ActiveCfg = Release|x86
		{7368E9DA-0CDC-4E60-88E6-C0DA164F14EB}.Release|x86.Build.0 = Release|x86
		{0F397789-1719-47E8-B83E-45B721981B73}.Debug|Any CPU.ActiveCfg = Debug|Any CPU
		{0F397789-1719-47E8-B83E-45B721981B73}.Debug|Any CPU.Build.0 = Debug|Any CPU
		{0F397789-1719-47E8-B83E-45B721981B73}.Debug|Mixed Platforms.ActiveCfg = Debug|Any CPU
		{0F397789-1719-47E8-B83E-45B721981B73}.Debug|Mixed Platforms.Build.0 = Debug|Any CPU
		{0F397789-1719-47E8-B83E-45B721981B73}.Debug|x86.ActiveCfg = Debug|Any CPU
		{0F397789-1719-47E8-B83E-45B721981B73}.Release|Any CPU.ActiveCfg = Release|Any CPU
		{0F397789-1719-47E8-B83E-45B721981B73}.Release|Any CPU.Build.0 = Release|Any CPU
		{0F397789-1719-47E8-B83E-45B721981B73}.Release|Mixed Platforms.ActiveCfg = Release|Any CPU
		{0F397789-1719-47E8-B83E-45B721981B73}.Release|Mixed Platforms.Build.0 = Release|Any CPU
		{0F397789-1719-47E8-B83E-45B721981B73}.Release|x86.ActiveCfg = Release|Any CPU
		{6D9BB0A3-AFC1-402B-A596-E2FA03C6C4B5}.Debug|Any CPU.ActiveCfg = Debug|Any CPU
		{6D9BB0A3-AFC1-402B-A596-E2FA03C6C4B5}.Debug|Any CPU.Build.0 = Debug|Any CPU
		{6D9BB0A3-AFC1-402B-A596-E2FA03C6C4B5}.Debug|Mixed Platforms.ActiveCfg = Debug|Any CPU
		{6D9BB0A3-AFC1-402B-A596-E2FA03C6C4B5}.Debug|Mixed Platforms.Build.0 = Debug|Any CPU
		{6D9BB0A3-AFC1-402B-A596-E2FA03C6C4B5}.Debug|x86.ActiveCfg = Debug|Any CPU
		{6D9BB0A3-AFC1-402B-A596-E2FA03C6C4B5}.Release|Any CPU.ActiveCfg = Release|Any CPU
		{6D9BB0A3-AFC1-402B-A596-E2FA03C6C4B5}.Release|Any CPU.Build.0 = Release|Any CPU
		{6D9BB0A3-AFC1-402B-A596-E2FA03C6C4B5}.Release|Mixed Platforms.ActiveCfg = Release|Any CPU
		{6D9BB0A3-AFC1-402B-A596-E2FA03C6C4B5}.Release|Mixed Platforms.Build.0 = Release|Any CPU
		{6D9BB0A3-AFC1-402B-A596-E2FA03C6C4B5}.Release|x86.ActiveCfg = Release|Any CPU
		{7F001974-C37D-46F0-A2B3-73C9B79C4DC1}.Debug|Any CPU.ActiveCfg = Debug|Any CPU
		{7F001974-C37D-46F0-A2B3-73C9B79C4DC1}.Debug|Any CPU.Build.0 = Debug|Any CPU
		{7F001974-C37D-46F0-A2B3-73C9B79C4DC1}.Debug|Mixed Platforms.ActiveCfg = Debug|Any CPU
		{7F001974-C37D-46F0-A2B3-73C9B79C4DC1}.Debug|Mixed Platforms.Build.0 = Debug|Any CPU
		{7F001974-C37D-46F0-A2B3-73C9B79C4DC1}.Debug|x86.ActiveCfg = Debug|Any CPU
		{7F001974-C37D-46F0-A2B3-73C9B79C4DC1}.Release|Any CPU.ActiveCfg = Release|Any CPU
		{7F001974-C37D-46F0-A2B3-73C9B79C4DC1}.Release|Any CPU.Build.0 = Release|Any CPU
		{7F001974-C37D-46F0-A2B3-73C9B79C4DC1}.Release|Mixed Platforms.ActiveCfg = Release|Any CPU
		{7F001974-C37D-46F0-A2B3-73C9B79C4DC1}.Release|Mixed Platforms.Build.0 = Release|Any CPU
		{7F001974-C37D-46F0-A2B3-73C9B79C4DC1}.Release|x86.ActiveCfg = Release|Any CPU
		{55600CBF-BD1F-4319-99C6-98A3B3E19073}.Debug|Any CPU.ActiveCfg = Debug|Any CPU
		{55600CBF-BD1F-4319-99C6-98A3B3E19073}.Debug|Any CPU.Build.0 = Debug|Any CPU
		{55600CBF-BD1F-4319-99C6-98A3B3E19073}.Debug|Mixed Platforms.ActiveCfg = Debug|Any CPU
		{55600CBF-BD1F-4319-99C6-98A3B3E19073}.Debug|Mixed Platforms.Build.0 = Debug|Any CPU
		{55600CBF-BD1F-4319-99C6-98A3B3E19073}.Debug|x86.ActiveCfg = Debug|Any CPU
		{55600CBF-BD1F-4319-99C6-98A3B3E19073}.Release|Any CPU.ActiveCfg = Release|Any CPU
		{55600CBF-BD1F-4319-99C6-98A3B3E19073}.Release|Any CPU.Build.0 = Release|Any CPU
		{55600CBF-BD1F-4319-99C6-98A3B3E19073}.Release|Mixed Platforms.ActiveCfg = Release|Any CPU
		{55600CBF-BD1F-4319-99C6-98A3B3E19073}.Release|Mixed Platforms.Build.0 = Release|Any CPU
		{55600CBF-BD1F-4319-99C6-98A3B3E19073}.Release|x86.ActiveCfg = Release|Any CPU
		{72F43913-AA6D-41F1-AEEF-C9E6DD914A65}.Debug|Any CPU.ActiveCfg = Debug|Any CPU
		{72F43913-AA6D-41F1-AEEF-C9E6DD914A65}.Debug|Any CPU.Build.0 = Debug|Any CPU
		{72F43913-AA6D-41F1-AEEF-C9E6DD914A65}.Debug|Mixed Platforms.ActiveCfg = Debug|Any CPU
		{72F43913-AA6D-41F1-AEEF-C9E6DD914A65}.Debug|Mixed Platforms.Build.0 = Debug|Any CPU
		{72F43913-AA6D-41F1-AEEF-C9E6DD914A65}.Debug|x86.ActiveCfg = Debug|Any CPU
		{72F43913-AA6D-41F1-AEEF-C9E6DD914A65}.Release|Any CPU.ActiveCfg = Release|Any CPU
		{72F43913-AA6D-41F1-AEEF-C9E6DD914A65}.Release|Any CPU.Build.0 = Release|Any CPU
		{72F43913-AA6D-41F1-AEEF-C9E6DD914A65}.Release|Mixed Platforms.ActiveCfg = Release|Any CPU
		{72F43913-AA6D-41F1-AEEF-C9E6DD914A65}.Release|Mixed Platforms.Build.0 = Release|Any CPU
		{72F43913-AA6D-41F1-AEEF-C9E6DD914A65}.Release|x86.ActiveCfg = Release|Any CPU
		{EEAD38A1-5185-4457-93D2-72DAD4B19C50}.Debug|Any CPU.ActiveCfg = Debug|Any CPU
		{EEAD38A1-5185-4457-93D2-72DAD4B19C50}.Debug|Any CPU.Build.0 = Debug|Any CPU
		{EEAD38A1-5185-4457-93D2-72DAD4B19C50}.Debug|Mixed Platforms.ActiveCfg = Debug|Any CPU
		{EEAD38A1-5185-4457-93D2-72DAD4B19C50}.Debug|Mixed Platforms.Build.0 = Debug|Any CPU
		{EEAD38A1-5185-4457-93D2-72DAD4B19C50}.Debug|x86.ActiveCfg = Debug|Any CPU
		{EEAD38A1-5185-4457-93D2-72DAD4B19C50}.Release|Any CPU.ActiveCfg = Release|Any CPU
		{EEAD38A1-5185-4457-93D2-72DAD4B19C50}.Release|Any CPU.Build.0 = Release|Any CPU
		{EEAD38A1-5185-4457-93D2-72DAD4B19C50}.Release|Mixed Platforms.ActiveCfg = Release|Any CPU
		{EEAD38A1-5185-4457-93D2-72DAD4B19C50}.Release|Mixed Platforms.Build.0 = Release|Any CPU
		{EEAD38A1-5185-4457-93D2-72DAD4B19C50}.Release|x86.ActiveCfg = Release|Any CPU
		{D40E045A-02AB-4065-99A7-5F5EF85031D2}.Debug|Any CPU.ActiveCfg = Debug|Any CPU
		{D40E045A-02AB-4065-99A7-5F5EF85031D2}.Debug|Any CPU.Build.0 = Debug|Any CPU
		{D40E045A-02AB-4065-99A7-5F5EF85031D2}.Debug|Mixed Platforms.ActiveCfg = Debug|Any CPU
		{D40E045A-02AB-4065-99A7-5F5EF85031D2}.Debug|Mixed Platforms.Build.0 = Debug|Any CPU
		{D40E045A-02AB-4065-99A7-5F5EF85031D2}.Debug|x86.ActiveCfg = Debug|Any CPU
		{D40E045A-02AB-4065-99A7-5F5EF85031D2}.Release|Any CPU.ActiveCfg = Release|Any CPU
		{D40E045A-02AB-4065-99A7-5F5EF85031D2}.Release|Any CPU.Build.0 = Release|Any CPU
		{D40E045A-02AB-4065-99A7-5F5EF85031D2}.Release|Mixed Platforms.ActiveCfg = Release|Any CPU
		{D40E045A-02AB-4065-99A7-5F5EF85031D2}.Release|Mixed Platforms.Build.0 = Release|Any CPU
		{D40E045A-02AB-4065-99A7-5F5EF85031D2}.Release|x86.ActiveCfg = Release|Any CPU
		{B27512C4-9D86-4E3B-ADC0-E00A43193C22}.Debug|Any CPU.ActiveCfg = Debug|Any CPU
		{B27512C4-9D86-4E3B-ADC0-E00A43193C22}.Debug|Any CPU.Build.0 = Debug|Any CPU
		{B27512C4-9D86-4E3B-ADC0-E00A43193C22}.Debug|Mixed Platforms.ActiveCfg = Debug|Any CPU
		{B27512C4-9D86-4E3B-ADC0-E00A43193C22}.Debug|Mixed Platforms.Build.0 = Debug|Any CPU
		{B27512C4-9D86-4E3B-ADC0-E00A43193C22}.Debug|x86.ActiveCfg = Debug|Any CPU
		{B27512C4-9D86-4E3B-ADC0-E00A43193C22}.Release|Any CPU.ActiveCfg = Release|Any CPU
		{B27512C4-9D86-4E3B-ADC0-E00A43193C22}.Release|Any CPU.Build.0 = Release|Any CPU
		{B27512C4-9D86-4E3B-ADC0-E00A43193C22}.Release|Mixed Platforms.ActiveCfg = Release|Any CPU
		{B27512C4-9D86-4E3B-ADC0-E00A43193C22}.Release|Mixed Platforms.Build.0 = Release|Any CPU
		{B27512C4-9D86-4E3B-ADC0-E00A43193C22}.Release|x86.ActiveCfg = Release|Any CPU
		{E02C8006-6A38-4891-9F3C-E4ACD909151D}.Debug|Any CPU.ActiveCfg = Debug|x86
		{E02C8006-6A38-4891-9F3C-E4ACD909151D}.Debug|Mixed Platforms.ActiveCfg = Debug|x86
		{E02C8006-6A38-4891-9F3C-E4ACD909151D}.Debug|Mixed Platforms.Build.0 = Debug|x86
		{E02C8006-6A38-4891-9F3C-E4ACD909151D}.Debug|x86.ActiveCfg = Debug|x86
		{E02C8006-6A38-4891-9F3C-E4ACD909151D}.Debug|x86.Build.0 = Debug|x86
		{E02C8006-6A38-4891-9F3C-E4ACD909151D}.Release|Any CPU.ActiveCfg = Release|x86
		{E02C8006-6A38-4891-9F3C-E4ACD909151D}.Release|Mixed Platforms.ActiveCfg = Release|x86
		{E02C8006-6A38-4891-9F3C-E4ACD909151D}.Release|Mixed Platforms.Build.0 = Release|x86
		{E02C8006-6A38-4891-9F3C-E4ACD909151D}.Release|x86.ActiveCfg = Release|x86
		{E02C8006-6A38-4891-9F3C-E4ACD909151D}.Release|x86.Build.0 = Release|x86
		{0E3F328A-88DD-46B0-8B3B-99878EFE0BEC}.Debug|Any CPU.ActiveCfg = Debug|Any CPU
		{0E3F328A-88DD-46B0-8B3B-99878EFE0BEC}.Debug|Any CPU.Build.0 = Debug|Any CPU
		{0E3F328A-88DD-46B0-8B3B-99878EFE0BEC}.Debug|Mixed Platforms.ActiveCfg = Debug|Any CPU
		{0E3F328A-88DD-46B0-8B3B-99878EFE0BEC}.Debug|Mixed Platforms.Build.0 = Debug|Any CPU
		{0E3F328A-88DD-46B0-8B3B-99878EFE0BEC}.Debug|x86.ActiveCfg = Debug|Any CPU
		{0E3F328A-88DD-46B0-8B3B-99878EFE0BEC}.Release|Any CPU.ActiveCfg = Release|Any CPU
		{0E3F328A-88DD-46B0-8B3B-99878EFE0BEC}.Release|Any CPU.Build.0 = Release|Any CPU
		{0E3F328A-88DD-46B0-8B3B-99878EFE0BEC}.Release|Mixed Platforms.ActiveCfg = Release|Any CPU
		{0E3F328A-88DD-46B0-8B3B-99878EFE0BEC}.Release|Mixed Platforms.Build.0 = Release|Any CPU
		{0E3F328A-88DD-46B0-8B3B-99878EFE0BEC}.Release|x86.ActiveCfg = Release|Any CPU
	EndGlobalSection
	GlobalSection(SolutionProperties) = preSolution
		HideSolutionNode = FALSE
	EndGlobalSection
EndGlobal
